
Microsoft Visual Studio Solution File, Format Version 12.00
# Visual Studio Version 17
VisualStudioVersion = 17.13.35825.156 d17.13
MinimumVisualStudioVersion = 10.0.40219.1
Project("{FAE04EC0-301F-11D3-BF4B-00C04F79EFBC}") = "DesktopProject", "DesktopProject\DesktopProject.csproj", "{D131BE66-BCAF-4ED1-B7E9-DB8C990E3DE9}"
EndProject
Project("{FAE04EC0-301F-11D3-BF4B-00C04F79EFBC}") = "DAL", "DAL\DAL.csproj", "{C99D737F-0FDA-4B59-B2BD-3A8C6E3299C4}"
EndProject
Project("{FAE04EC0-301F-11D3-BF4B-00C04F79EFBC}") = "Demo", "Demo\Demo.csproj", "{7590A16B-4DF0-4C9E-AEC3-DFA605E3AB95}"
EndProject
Project("{FAE04EC0-301F-11D3-BF4B-00C04F79EFBC}") = "WinFormsApp1", "WinFormsApp1\WinFormsApp1.csproj", "{F54CBC9C-9437-4B49-AA9F-19494AEA13D0}"
EndProject
Global
	GlobalSection(SolutionConfigurationPlatforms) = preSolution
		Debug|Any CPU = Debug|Any CPU
		Release|Any CPU = Release|Any CPU
	EndGlobalSection
	GlobalSection(ProjectConfigurationPlatforms) = postSolution
		{D131BE66-BCAF-4ED1-B7E9-DB8C990E3DE9}.Debug|Any CPU.ActiveCfg = Debug|Any CPU
		{D131BE66-BCAF-4ED1-B7E9-DB8C990E3DE9}.Debug|Any CPU.Build.0 = Debug|Any CPU
		{D131BE66-BCAF-4ED1-B7E9-DB8C990E3DE9}.Release|Any CPU.ActiveCfg = Release|Any CPU
		{D131BE66-BCAF-4ED1-B7E9-DB8C990E3DE9}.Release|Any CPU.Build.0 = Release|Any CPU
		{C99D737F-0FDA-4B59-B2BD-3A8C6E3299C4}.Debug|Any CPU.ActiveCfg = Debug|Any CPU
		{C99D737F-0FDA-4B59-B2BD-3A8C6E3299C4}.Debug|Any CPU.Build.0 = Debug|Any CPU
		{C99D737F-0FDA-4B59-B2BD-3A8C6E3299C4}.Release|Any CPU.ActiveCfg = Release|Any CPU
		{C99D737F-0FDA-4B59-B2BD-3A8C6E3299C4}.Release|Any CPU.Build.0 = Release|Any CPU
		{7590A16B-4DF0-4C9E-AEC3-DFA605E3AB95}.Debug|Any CPU.ActiveCfg = Debug|Any CPU
		{7590A16B-4DF0-4C9E-AEC3-DFA605E3AB95}.Debug|Any CPU.Build.0 = Debug|Any CPU
		{7590A16B-4DF0-4C9E-AEC3-DFA605E3AB95}.Release|Any CPU.ActiveCfg = Release|Any CPU
		{7590A16B-4DF0-4C9E-AEC3-DFA605E3AB95}.Release|Any CPU.Build.0 = Release|Any CPU
		{F54CBC9C-9437-4B49-AA9F-19494AEA13D0}.Debug|Any CPU.ActiveCfg = Debug|Any CPU
		{F54CBC9C-9437-4B49-AA9F-19494AEA13D0}.Debug|Any CPU.Build.0 = Debug|Any CPU
		{F54CBC9C-9437-4B49-AA9F-19494AEA13D0}.Release|Any CPU.ActiveCfg = Release|Any CPU
		{F54CBC9C-9437-4B49-AA9F-19494AEA13D0}.Release|Any CPU.Build.0 = Release|Any CPU
	EndGlobalSection
	GlobalSection(SolutionProperties) = preSolution
		HideSolutionNode = FALSE
	EndGlobalSection
	GlobalSection(ExtensibilityGlobals) = postSolution
		SolutionGuid = {9A904F22-22C6-4F3E-9D33-ED1763A58E5B}
	EndGlobalSection
EndGlobal
